
Microsoft Visual Studio Solution File, Format Version 12.00
# Visual Studio Version 17
VisualStudioVersion = 17.14.36623.8 d17.14
MinimumVisualStudioVersion = 10.0.40219.1
Project("{FAE04EC0-301F-11D3-BF4B-00C04F79EFBC}") = "BlazorTasker", "BlazorTasker.csproj", "{06A0FDB9-EBC9-4301-B205-D2FB326CCFF3}"
EndProject
Global
	GlobalSection(SolutionConfigurationPlatforms) = preSolution
		Debug|Any CPU = Debug|Any CPU
		Release|Any CPU = Release|Any CPU
	EndGlobalSection
	GlobalSection(ProjectConfigurationPlatforms) = postSolution
		{06A0FDB9-EBC9-4301-B205-D2FB326CCFF3}.Debug|Any CPU.ActiveCfg = Debug|Any CPU
		{06A0FDB9-EBC9-4301-B205-D2FB326CCFF3}.Debug|Any CPU.Build.0 = Debug|Any CPU
		{06A0FDB9-EBC9-4301-B205-D2FB326CCFF3}.Release|Any CPU.ActiveCfg = Release|Any CPU
		{06A0FDB9-EBC9-4301-B205-D2FB326CCFF3}.Release|Any CPU.Build.0 = Release|Any CPU
	EndGlobalSection
	GlobalSection(SolutionProperties) = preSolution
		HideSolutionNode = FALSE
	EndGlobalSection
	GlobalSection(ExtensibilityGlobals) = postSolution
		SolutionGuid = {3BBBC845-2938-4C72-A90F-D67A2E3DA7CB}
	EndGlobalSection
EndGlobal
